
Microsoft Visual Studio Solution File, Format Version 12.00
# Visual Studio Version 16
VisualStudioVersion = 16.0.29613.14
MinimumVisualStudioVersion = 10.0.40219.1
Project("{FAE04EC0-301F-11D3-BF4B-00C04F79EFBC}") = "VidlyProject", "VidlyProject\VidlyProject.csproj", "{D3C10721-ADEA-4C0B-8DF8-3C82C9DCB7BF}"
EndProject
Project("{00D1A9C2-B5F0-4AF3-8072-F6C62B433612}") = "VidlyDB", "VidlyDB\VidlyDB.sqlproj", "{F41E8E94-548B-4714-AD8D-81DF643C76D3}"
EndProject
Global
	GlobalSection(SolutionConfigurationPlatforms) = preSolution
		Debug|Any CPU = Debug|Any CPU
		Release|Any CPU = Release|Any CPU
	EndGlobalSection
	GlobalSection(ProjectConfigurationPlatforms) = postSolution
		{D3C10721-ADEA-4C0B-8DF8-3C82C9DCB7BF}.Debug|Any CPU.ActiveCfg = Debug|Any CPU
		{D3C10721-ADEA-4C0B-8DF8-3C82C9DCB7BF}.Debug|Any CPU.Build.0 = Debug|Any CPU
		{D3C10721-ADEA-4C0B-8DF8-3C82C9DCB7BF}.Release|Any CPU.ActiveCfg = Release|Any CPU
		{D3C10721-ADEA-4C0B-8DF8-3C82C9DCB7BF}.Release|Any CPU.Build.0 = Release|Any CPU
		{F41E8E94-548B-4714-AD8D-81DF643C76D3}.Debug|Any CPU.ActiveCfg = Debug|Any CPU
		{F41E8E94-548B-4714-AD8D-81DF643C76D3}.Debug|Any CPU.Build.0 = Debug|Any CPU
		{F41E8E94-548B-4714-AD8D-81DF643C76D3}.Debug|Any CPU.Deploy.0 = Debug|Any CPU
		{F41E8E94-548B-4714-AD8D-81DF643C76D3}.Release|Any CPU.ActiveCfg = Release|Any CPU
		{F41E8E94-548B-4714-AD8D-81DF643C76D3}.Release|Any CPU.Build.0 = Release|Any CPU
		{F41E8E94-548B-4714-AD8D-81DF643C76D3}.Release|Any CPU.Deploy.0 = Release|Any CPU
	EndGlobalSection
	GlobalSection(SolutionProperties) = preSolution
		HideSolutionNode = FALSE
	EndGlobalSection
	GlobalSection(ExtensibilityGlobals) = postSolution
		SolutionGuid = {8FC91DB5-6D73-4461-8E04-42D0E591106B}
	EndGlobalSection
EndGlobal
